
Microsoft Visual Studio Solution File, Format Version 12.00
# Visual Studio Version 16
VisualStudioVersion = 16.0.30104.148
MinimumVisualStudioVersion = 10.0.40219.1
Project("{FAE04EC0-301F-11D3-BF4B-00C04F79EFBC}") = "Lab4_EliasHaloun", "Lab4_EliasHaloun\Lab4_EliasHaloun.csproj", "{3CFE3897-7D68-43E6-A15A-5AF32F30B81D}"
EndProject
Global
	GlobalSection(SolutionConfigurationPlatforms) = preSolution
		Debug|Any CPU = Debug|Any CPU
		Release|Any CPU = Release|Any CPU
	EndGlobalSection
	GlobalSection(ProjectConfigurationPlatforms) = postSolution
		{3CFE3897-7D68-43E6-A15A-5AF32F30B81D}.Debug|Any CPU.ActiveCfg = Debug|Any CPU
		{3CFE3897-7D68-43E6-A15A-5AF32F30B81D}.Debug|Any CPU.Build.0 = Debug|Any CPU
		{3CFE3897-7D68-43E6-A15A-5AF32F30B81D}.Release|Any CPU.ActiveCfg = Release|Any CPU
		{3CFE3897-7D68-43E6-A15A-5AF32F30B81D}.Release|Any CPU.Build.0 = Release|Any CPU
	EndGlobalSection
	GlobalSection(SolutionProperties) = preSolution
		HideSolutionNode = FALSE
	EndGlobalSection
	GlobalSection(ExtensibilityGlobals) = postSolution
		SolutionGuid = {8430E3FA-B0A9-4C7C-8AB5-37906F070BAB}
	EndGlobalSection
EndGlobal
